// !$*UTF8*$!
{
	archiveVersion = 1;
	classes = {
	};
	objectVersion = 77;
	objects = {

/* Begin PBXBuildFile section */
		A00886393000A9B300E29B20 /* ScriptureQuestion.txt in Resources */ = {isa = PBXBuildFile; fileRef = A00886383000A9B300E29B20 /* ScriptureQuestion.txt */; };
		A0373B85303713CE006ED2DC /* requirements.MD in Sources */ = {isa = PBXBuildFile; fileRef = A0373B84303713C9006ED2DC /* requirements.MD */; };
/* End PBXBuildFile section */

/* Begin PBXContainerItemProxy section */
		A00885812FFB322000E29B20 /* PBXContainerItemProxy */ = {
			isa = PBXContainerItemProxy;
			containerPortal = A00885692FFB321E00E29B20 /* Project object */;
			proxyType = 1;
			remoteGlobalIDString = A00885702FFB321E00E29B20;
			remoteInfo = BibleAdventure;
		};
		A008858B2FFB322000E29B20 /* PBXContainerItemProxy */ = {
			isa = PBXContainerItemProxy;
			containerPortal = A00885692FFB321E00E29B20 /* Project object */;
			proxyType = 1;
			remoteGlobalIDString = A00885702FFB321E00E29B20;
			remoteInfo = BibleAdventure;
		};
/* End PBXContainerItemProxy section */

/* Begin PBXFileReference section */
		A00885712FFB321E00E29B20 /* BibleAdventure.app */ = {isa = PBXFileReference; explicitFileType = wrapper.application; includeInIndex = 0; path = BibleAdventure.app; sourceTree = BUILT_PRODUCTS_DIR; };
		A00885802FFB322000E29B20 /* BibleAdventureTests.xctest */ = {isa = PBXFileReference; explicitFileType = wrapper.cfbundle; includeInIndex = 0; path = BibleAdventureTests.xctest; sourceTree = BUILT_PRODUCTS_DIR; };
		A008858A2FFB322000E29B20 /* BibleAdventureUITests.xctest */ = {isa = PBXFileReference; explicitFileType = wrapper.cfbundle; includeInIndex = 0; path = BibleAdventureUITests.xctest; sourceTree = BUILT_PRODUCTS_DIR; };
		A00886383000A9B300E29B20 /* ScriptureQuestion.txt */ = {isa = PBXFileReference; lastKnownFileType = text; path = ScriptureQuestion.txt; sourceTree = "<group>"; };
		A0373B84303713C9006ED2DC /* requirements.MD */ = {isa = PBXFileReference; lastKnownFileType = net.daringfireball.markdown; path = requirements.MD; sourceTree = "<group>"; };
/* End PBXFileReference section */

/* Begin PBXFileSystemSynchronizedBuildFileExceptionSet section */
		A00885E12FFE4C9700E29B20 /* Exceptions for "BibleAdventure" folder in "BibleAdventure" target */ = {
			isa = PBXFileSystemSynchronizedBuildFileExceptionSet;
			membershipExceptions = (
				Docs/Architecture.md,
			);
			target = A00885702FFB321E00E29B20 /* BibleAdventure */;
		};
/* End PBXFileSystemSynchronizedBuildFileExceptionSet section */

/* Begin PBXFileSystemSynchronizedGroupBuildPhaseMembershipExceptionSet section */
		A00885E22FFE4C9700E29B20 /* Exceptions for "BibleAdventure" folder in "Compile Sources" phase from "BibleAdventure" target */ = {
			isa = PBXFileSystemSynchronizedGroupBuildPhaseMembershipExceptionSet;
			buildPhase = A008856D2FFB321E00E29B20 /* Sources */;
			membershipExceptions = (
				Docs/Architecture.md,
			);
		};
/* End PBXFileSystemSynchronizedGroupBuildPhaseMembershipExceptionSet section */

/* Begin PBXFileSystemSynchronizedRootGroup section */
		A00885732FFB321E00E29B20 /* BibleAdventure */ = {
			isa = PBXFileSystemSynchronizedRootGroup;
			exceptions = (
				A00885E12FFE4C9700E29B20 /* Exceptions for "BibleAdventure" folder in "BibleAdventure" target */,
				A00885E22FFE4C9700E29B20 /* Exceptions for "BibleAdventure" folder in "Compile Sources" phase from "BibleAdventure" target */,
			);
			path = BibleAdventure;
			sourceTree = "<group>";
		};
		A00885832FFB322000E29B20 /* BibleAdventureTests */ = {
			isa = PBXFileSystemSynchronizedRootGroup;
			path = BibleAdventureTests;
			sourceTree = "<group>";
		};
		A008858D2FFB322000E29B20 /* BibleAdventureUITests */ = {
			isa = PBXFileSystemSynchronizedRootGroup;
			path = BibleAdventureUITests;
			sourceTree = "<group>";
		};
/* End PBXFileSystemSynchronizedRootGroup section */

/* Begin PBXFrameworksBuildPhase section */
		A008856E2FFB321E00E29B20 /* Frameworks */ = {
			isa = PBXFrameworksBuildPhase;
			buildActionMask = 2147483647;
			files = (
			);
			runOnlyForDeploymentPostprocessing = 0;
		};
		A008857D2FFB322000E29B20 /* Frameworks */ = {
			isa = PBXFrameworksBuildPhase;
			buildActionMask = 2147483647;
			files = (
			);
			runOnlyForDeploymentPostprocessing = 0;
		};
		A00885872FFB322000E29B20 /* Frameworks */ = {
			isa = PBXFrameworksBuildPhase;
			buildActionMask = 2147483647;
			files = (
			);
			runOnlyForDeploymentPostprocessing = 0;
		};
/* End PBXFrameworksBuildPhase section */

/* Begin PBXGroup section */
		A00885682FFB321E00E29B20 = {
			isa = PBXGroup;
			children = (
				A00885732FFB321E00E29B20 /* BibleAdventure */,
				A00885832FFB322000E29B20 /* BibleAdventureTests */,
				A008858D2FFB322000E29B20 /* BibleAdventureUITests */,
				A00885722FFB321E00E29B20 /* Products */,
				A00886383000A9B300E29B20 /* ScriptureQuestion.txt */,
				A0373B84303713C9006ED2DC /* requirements.MD */,
			);
			sourceTree = "<group>";
		};
		A00885722FFB321E00E29B20 /* Products */ = {
			isa = PBXGroup;
			children = (
				A00885712FFB321E00E29B20 /* BibleAdventure.app */,
				A00885802FFB322000E29B20 /* BibleAdventureTests.xctest */,
				A008858A2FFB322000E29B20 /* BibleAdventureUITests.xctest */,
			);
			name = Products;
			sourceTree = "<group>";
		};
/* End PBXGroup section */

/* Begin PBXNativeTarget section */
		A00885702FFB321E00E29B20 /* BibleAdventure */ = {
			isa = PBXNativeTarget;
			buildConfigurationList = A00885942FFB322000E29B20 /* Build configuration list for PBXNativeTarget "BibleAdventure" */;
			buildPhases = (
				A008856D2FFB321E00E29B20 /* Sources */,
				A008856E2FFB321E00E29B20 /* Frameworks */,
				A008856F2FFB321E00E29B20 /* Resources */,
			);
			buildRules = (
			);
			dependencies = (
			);
			fileSystemSynchronizedGroups = (
				A00885732FFB321E00E29B20 /* BibleAdventure */,
			);
			name = BibleAdventure;
			packageProductDependencies = (
			);
			productName = BibleAdventure;
			productReference = A00885712FFB321E00E29B20 /* BibleAdventure.app */;
			productType = "com.apple.product-type.application";
		};
		A008857F2FFB322000E29B20 /* BibleAdventureTests */ = {
			isa = PBXNativeTarget;
			buildConfigurationList = A00885972FFB322000E29B20 /* Build configuration list for PBXNativeTarget "BibleAdventureTests" */;
			buildPhases = (
				A008857C2FFB322000E29B20 /* Sources */,
				A008857D2FFB322000E29B20 /* Frameworks */,
				A008857E2FFB322000E29B20 /* Resources */,
			);
			buildRules = (
			);
			dependencies = (
				A00885822FFB322000E29B20 /* PBXTargetDependency */,
			);
			fileSystemSynchronizedGroups = (
				A00885832FFB322000E29B20 /* BibleAdventureTests */,
			);
			name = BibleAdventureTests;
			packageProductDependencies = (
			);
			productName = BibleAdventureTests;
			productReference = A00885802FFB322000E29B20 /* BibleAdventureTests.xctest */;
			productType = "com.apple.product-type.bundle.unit-test";
		};
		A00885892FFB322000E29B20 /* BibleAdventureUITests */ = {
			isa = PBXNativeTarget;
			buildConfigurationList = A008859A2FFB322000E29B20 /* Build configuration list for PBXNativeTarget "BibleAdventureUITests" */;
			buildPhases = (
				A00885862FFB322000E29B20 /* Sources */,
				A00885872FFB322000E29B20 /* Frameworks */,
				A00885882FFB322000E29B20 /* Resources */,
			);
			buildRules = (
			);
			dependencies = (
				A008858C2FFB322000E29B20 /* PBXTargetDependency */,
			);
			fileSystemSynchronizedGroups = (
				A008858D2FFB322000E29B20 /* BibleAdventureUITests */,
			);
			name = BibleAdventureUITests;
			packageProductDependencies = (
			);
			productName = BibleAdventureUITests;
			productReference = A008858A2FFB322000E29B20 /* BibleAdventureUITests.xctest */;
			productType = "com.apple.product-type.bundle.ui-testing";
		};
/* End PBXNativeTarget section */

/* Begin PBXProject section */
		A00885692FFB321E00E29B20 /* Project object */ = {
			isa = PBXProject;
			attributes = {
				BuildIndependentTargetsInParallel = 1;
				LastSwiftUpdateCheck = 2610;
				LastUpgradeCheck = 2610;
				TargetAttributes = {
					A00885702FFB321E00E29B20 = {
						CreatedOnToolsVersion = 26.1.1;
					};
					A008857F2FFB322000E29B20 = {
						CreatedOnToolsVersion = 26.1.1;
						TestTargetID = A00885702FFB321E00E29B20;
					};
					A00885892FFB322000E29B20 = {
						CreatedOnToolsVersion = 26.1.1;
						TestTargetID = A00885702FFB321E00E29B20;
					};
				};
			};
			buildConfigurationList = A008856C2FFB321E00E29B20 /* Build configuration list for PBXProject "BibleAdventure" */;
			developmentRegion = en;
			hasScannedForEncodings = 0;
			knownRegions = (
				en,
				Base,
			);
			mainGroup = A00885682FFB321E00E29B20;
			minimizedProjectReferenceProxies = 1;
			preferredProjectObjectVersion = 77;
			productRefGroup = A00885722FFB321E00E29B20 /* Products */;
			projectDirPath = "";
			projectRoot = "";
			targets = (
				A00885702FFB321E00E29B20 /* BibleAdventure */,
				A008857F2FFB322000E29B20 /* BibleAdventureTests */,
				A00885892FFB322000E29B20 /* BibleAdventureUITests */,
			);
		};
/* End PBXProject section */

/* Begin PBXResourcesBuildPhase section */
		A008856F2FFB321E00E29B20 /* Resources */ = {
			isa = PBXResourcesBuildPhase;
			buildActionMask = 2147483647;
			files = (
				A00886393000A9B300E29B20 /* ScriptureQuestion.txt in Resources */,
			);
			runOnlyForDeploymentPostprocessing = 0;
		};
		A008857E2FFB322000E29B20 /* Resources */ = {
			isa = PBXResourcesBuildPhase;
			buildActionMask = 2147483647;
			files = (
			);
			runOnlyForDeploymentPostprocessing = 0;
		};
		A00885882FFB322000E29B20 /* Resources */ = {
			isa = PBXResourcesBuildPhase;
			buildActionMask = 2147483647;
			files = (
			);
			runOnlyForDeploymentPostprocessing = 0;
		};
/* End PBXResourcesBuildPhase section */

/* Begin PBXSourcesBuildPhase section */
		A008856D2FFB321E00E29B20 /* Sources */ = {
			isa = PBXSourcesBuildPhase;
			buildActionMask = 2147483647;
			files = (
				A0373B85303713CE006ED2DC /* requirements.MD in Sources */,
			);
			runOnlyForDeploymentPostprocessing = 0;
		};
		A008857C2FFB322000E29B20 /* Sources */ = {
			isa = PBXSourcesBuildPhase;
			buildActionMask = 2147483647;
			files = (
			);
			runOnlyForDeploymentPostprocessing = 0;
		};
		A00885862FFB322000E29B20 /* Sources */ = {
			isa = PBXSourcesBuildPhase;
			buildActionMask = 2147483647;
			files = (
			);
			runOnlyForDeploymentPostprocessing = 0;
		};
/* End PBXSourcesBuildPhase section */

/* Begin PBXTargetDependency section */
		A00885822FFB322000E29B20 /* PBXTargetDependency */ = {
			isa = PBXTargetDependency;
			target = A00885702FFB321E00E29B20 /* BibleAdventure */;
			targetProxy = A00885812FFB322000E29B20 /* PBXContainerItemProxy */;
		};
		A008858C2FFB322000E29B20 /* PBXTargetDependency */ = {
			isa = PBXTargetDependency;
			target = A00885702FFB321E00E29B20 /* BibleAdventure */;
			targetProxy = A008858B2FFB322000E29B20 /* PBXContainerItemProxy */;
		};
/* End PBXTargetDependency section */

/* Begin XCBuildConfiguration section */
		A00885922FFB322000E29B20 /* Debug */ = {
			isa = XCBuildConfiguration;
			buildSettings = {
				ALWAYS_SEARCH_USER_PATHS = NO;
				ASSETCATALOG_COMPILER_GENERATE_SWIFT_ASSET_SYMBOL_EXTENSIONS = YES;
				CLANG_ANALYZER_NONNULL = YES;
				CLANG_ANALYZER_NUMBER_OBJECT_CONVERSION = YES_AGGRESSIVE;
				CLANG_CXX_LANGUAGE_STANDARD = "gnu++20";
				CLANG_ENABLE_MODULES = YES;
				CLANG_ENABLE_OBJC_ARC = YES;
				CLANG_ENABLE_OBJC_WEAK = YES;
				CLANG_WARN_BLOCK_CAPTURE_AUTORELEASING = YES;
				CLANG_WARN_BOOL_CONVERSION = YES;
				CLANG_WARN_COMMA = YES;
				CLANG_WARN_CONSTANT_CONVERSION = YES;
				CLANG_WARN_DEPRECATED_OBJC_IMPLEMENTATIONS = YES;
				CLANG_WARN_DIRECT_OBJC_ISA_USAGE = YES_ERROR;
				CLANG_WARN_DOCUMENTATION_COMMENTS = YES;
				CLANG_WARN_EMPTY_BODY = YES;
				CLANG_WARN_ENUM_CONVERSION = YES;
				CLANG_WARN_INFINITE_RECURSION = YES;
				CLANG_WARN_INT_CONVERSION = YES;
				CLANG_WARN_NON_LITERAL_NULL_CONVERSION = YES;
				CLANG_WARN_OBJC_IMPLICIT_RETAIN_SELF = YES;
				CLANG_WARN_OBJC_LITERAL_CONVERSION = YES;
				CLANG_WARN_OBJC_ROOT_CLASS = YES_ERROR;
				CLANG_WARN_QUOTED_INCLUDE_IN_FRAMEWORK_HEADER = YES;
				CLANG_WARN_RANGE_LOOP_ANALYSIS = YES;
				CLANG_WARN_STRICT_PROTOTYPES = YES;
				CLANG_WARN_SUSPICIOUS_MOVE = YES;
				CLANG_WARN_UNGUARDED_AVAILABILITY = YES_AGGRESSIVE;
				CLANG_WARN_UNREACHABLE_CODE = YES;
				CLANG_WARN__DUPLICATE_METHOD_MATCH = YES;
				COPY_PHASE_STRIP = NO;
				DEBUG_INFORMATION_FORMAT = dwarf;
				DEVELOPMENT_TEAM = Y9T6QY86J5;
				ENABLE_STRICT_OBJC_MSGSEND = YES;
				ENABLE_TESTABILITY = YES;
				ENABLE_USER_SCRIPT_SANDBOXING = YES;
				GCC_C_LANGUAGE_STANDARD = gnu17;
				GCC_DYNAMIC_NO_PIC = NO;
				GCC_NO_COMMON_BLOCKS = YES;
				GCC_OPTIMIZATION_LEVEL = 0;
				GCC_PREPROCESSOR_DEFINITIONS = (
					"DEBUG=1",
					"$(inherited)",
				);
				GCC_WARN_64_TO_32_BIT_CONVERSION = YES;
				GCC_WARN_ABOUT_RETURN_TYPE = YES_ERROR;
				GCC_WARN_UNDECLARED_SELECTOR = YES;
				GCC_WARN_UNINITIALIZED_AUTOS = YES_AGGRESSIVE;
				GCC_WARN_UNUSED_FUNCTION = YES;
				GCC_WARN_UNUSED_VARIABLE = YES;
				IPHONEOS_DEPLOYMENT_TARGET = 26.1;
				LOCALIZATION_PREFERS_STRING_CATALOGS = YES;
				MTL_ENABLE_DEBUG_INFO = INCLUDE_SOURCE;
				MTL_FAST_MATH = YES;
				ONLY_ACTIVE_ARCH = YES;
				SDKROOT = iphoneos;
				SWIFT_ACTIVE_COMPILATION_CONDITIONS = "DEBUG $(inherited)";
				SWIFT_OPTIMIZATION_LEVEL = "-Onone";
			};
			name = Debug;
		};
		A00885932FFB322000E29B20 /* Release */ = {
			isa = XCBuildConfiguration;
			buildSettings = {
				ALWAYS_SEARCH_USER_PATHS = NO;
				ASSETCATALOG_COMPILER_GENERATE_SWIFT_ASSET_SYMBOL_EXTENSIONS = YES;
				CLANG_ANALYZER_NONNULL = YES;
				CLANG_ANALYZER_NUMBER_OBJECT_CONVERSION = YES_AGGRESSIVE;
				CLANG_CXX_LANGUAGE_STANDARD = "gnu++20";
				CLANG_ENABLE_MODULES = YES;
				CLANG_ENABLE_OBJC_ARC = YES;
				CLANG_ENABLE_OBJC_WEAK = YES;
				CLANG_WARN_BLOCK_CAPTURE_AUTORELEASING = YES;
				CLANG_WARN_BOOL_CONVERSION = YES;
				CLANG_WARN_COMMA = YES;
				CLANG_WARN_CONSTANT_CONVERSION = YES;
				CLANG_WARN_DEPRECATED_OBJC_IMPLEMENTATIONS = YES;
				CLANG_WARN_DIRECT_OBJC_ISA_USAGE = YES_ERROR;
				CLANG_WARN_DOCUMENTATION_COMMENTS = YES;
				CLANG_WARN_EMPTY_BODY = YES;
				CLANG_WARN_ENUM_CONVERSION = YES;
				CLANG_WARN_INFINITE_RECURSION = YES;
				CLANG_WARN_INT_CONVERSION = YES;
				CLANG_WARN_NON_LITERAL_NULL_CONVERSION = YES;
				CLANG_WARN_OBJC_IMPLICIT_RETAIN_SELF = YES;
				CLANG_WARN_OBJC_LITERAL_CONVERSION = YES;
				CLANG_WARN_OBJC_ROOT_CLASS = YES_ERROR;
				CLANG_WARN_QUOTED_INCLUDE_IN_FRAMEWORK_HEADER = YES;
				CLANG_WARN_RANGE_LOOP_ANALYSIS = YES;
				CLANG_WARN_STRICT_PROTOTYPES = YES;
				CLANG_WARN_SUSPICIOUS_MOVE = YES;
				CLANG_WARN_UNGUARDED_AVAILABILITY = YES_AGGRESSIVE;
				CLANG_WARN_UNREACHABLE_CODE = YES;
				CLANG_WARN__DUPLICATE_METHOD_MATCH = YES;
				COPY_PHASE_STRIP = NO;
				DEBUG_INFORMATION_FORMAT = "dwarf-with-dsym";
				DEVELOPMENT_TEAM = Y9T6QY86J5;
				ENABLE_NS_ASSERTIONS = NO;
				ENABLE_STRICT_OBJC_MSGSEND = YES;
				ENABLE_USER_SCRIPT_SANDBOXING = YES;
				GCC_C_LANGUAGE_STANDARD = gnu17;
				GCC_NO_COMMON_BLOCKS = YES;
				GCC_WARN_64_TO_32_BIT_CONVERSION = YES;
				GCC_WARN_ABOUT_RETURN_TYPE = YES_ERROR;
				GCC_WARN_UNDECLARED_SELECTOR = YES;
				GCC_WARN_UNINITIALIZED_AUTOS = YES_AGGRESSIVE;
				GCC_WARN_UNUSED_FUNCTION = YES;
				GCC_WARN_UNUSED_VARIABLE = YES;
				IPHONEOS_DEPLOYMENT_TARGET = 26.1;
				LOCALIZATION_PREFERS_STRING_CATALOGS = YES;
				MTL_ENABLE_DEBUG_INFO = NO;
				MTL_FAST_MATH = YES;
				SDKROOT = iphoneos;
				SWIFT_COMPILATION_MODE = wholemodule;
				VALIDATE_PRODUCT = YES;
			};
			name = Release;
		};
		A00885952FFB322000E29B20 /* Debug */ = {
			isa = XCBuildConfiguration;
			buildSettings = {
				ASSETCATALOG_COMPILER_APPICON_NAME = AppIcon;
				ASSETCATALOG_COMPILER_GLOBAL_ACCENT_COLOR_NAME = AccentColor;
				CODE_SIGN_STYLE = Automatic;
				CURRENT_PROJECT_VERSION = 1;
				DEVELOPMENT_TEAM = Y9T6QY86J5;
				ENABLE_PREVIEWS = YES;
				GENERATE_INFOPLIST_FILE = YES;
				INFOPLIST_KEY_UIApplicationSceneManifest_Generation = YES;
				INFOPLIST_KEY_UIApplicationSupportsIndirectInputEvents = YES;
				INFOPLIST_KEY_UILaunchScreen_Generation = YES;
				INFOPLIST_KEY_UISupportedInterfaceOrientations_iPad = "UIInterfaceOrientationPortrait UIInterfaceOrientationPortraitUpsideDown UIInterfaceOrientationLandscapeLeft UIInterfaceOrientationLandscapeRight";
				INFOPLIST_KEY_UISupportedInterfaceOrientations_iPhone = "UIInterfaceOrientationPortrait UIInterfaceOrientationLandscapeLeft UIInterfaceOrientationLandscapeRight";
				LD_RUNPATH_SEARCH_PATHS = (
					"$(inherited)",
					"@executable_path/Frameworks",
				);
				MARKETING_VERSION = 1.0;
				PRODUCT_BUNDLE_IDENTIFIER = com.yourname.BibleAdventures.BibleAdventure;
				PRODUCT_NAME = "$(TARGET_NAME)";
				STRING_CATALOG_GENERATE_SYMBOLS = YES;
				SWIFT_APPROACHABLE_CONCURRENCY = YES;
				SWIFT_DEFAULT_ACTOR_ISOLATION = MainActor;
				SWIFT_EMIT_LOC_STRINGS = YES;
				SWIFT_UPCOMING_FEATURE_MEMBER_IMPORT_VISIBILITY = YES;
				SWIFT_VERSION = 5.0;
				TARGETED_DEVICE_FAMILY = "1,2";
			};
			name = Debug;
		};
		A00885962FFB322000E29B20 /* Release */ = {
			isa = XCBuildConfiguration;
			buildSettings = {
				ASSETCATALOG_COMPILER_APPICON_NAME = AppIcon;
				ASSETCATALOG_COMPILER_GLOBAL_ACCENT_COLOR_NAME = AccentColor;
				CODE_SIGN_STYLE = Automatic;
				CURRENT_PROJECT_VERSION = 1;
				DEVELOPMENT_TEAM = Y9T6QY86J5;
				ENABLE_PREVIEWS = YES;
				GENERATE_INFOPLIST_FILE = YES;
				INFOPLIST_KEY_UIApplicationSceneManifest_Generation = YES;
				INFOPLIST_KEY_UIApplicationSupportsIndirectInputEvents = YES;
				INFOPLIST_KEY_UILaunchScreen_Generation = YES;
				INFOPLIST_KEY_UISupportedInterfaceOrientations_iPad = "UIInterfaceOrientationPortrait UIInterfaceOrientationPortraitUpsideDown UIInterfaceOrientationLandscapeLeft UIInterfaceOrientationLandscapeRight";
				INFOPLIST_KEY_UISupportedInterfaceOrientations_iPhone = "UIInterfaceOrientationPortrait UIInterfaceOrientationLandscapeLeft UIInterfaceOrientationLandscapeRight";
				LD_RUNPATH_SEARCH_PATHS = (
					"$(inherited)",
					"@executable_path/Frameworks",
				);
				MARKETING_VERSION = 1.0;
				PRODUCT_BUNDLE_IDENTIFIER = com.yourname.BibleAdventures.BibleAdventure;
				PRODUCT_NAME = "$(TARGET_NAME)";
				STRING_CATALOG_GENERATE_SYMBOLS = YES;
				SWIFT_APPROACHABLE_CONCURRENCY = YES;
				SWIFT_DEFAULT_ACTOR_ISOLATION = MainActor;
				SWIFT_EMIT_LOC_STRINGS = YES;
				SWIFT_UPCOMING_FEATURE_MEMBER_IMPORT_VISIBILITY = YES;
				SWIFT_VERSION = 5.0;
				TARGETED_DEVICE_FAMILY = "1,2";
			};
			name = Release;
		};
		A00885982FFB322000E29B20 /* Debug */ = {
			isa = XCBuildConfiguration;
			buildSettings = {
				BUNDLE_LOADER = "$(TEST_HOST)";
				CODE_SIGN_STYLE = Automatic;
				CURRENT_PROJECT_VERSION = 1;
				DEVELOPMENT_TEAM = Y9T6QY86J5;
				GENERATE_INFOPLIST_FILE = YES;
				IPHONEOS_DEPLOYMENT_TARGET = 26.1;
				MARKETING_VERSION = 1.0;
				PRODUCT_BUNDLE_IDENTIFIER = com.yourname.BibleAdventures.BibleAdventureTests;
				PRODUCT_NAME = "$(TARGET_NAME)";
				STRING_CATALOG_GENERATE_SYMBOLS = NO;
				SWIFT_APPROACHABLE_CONCURRENCY = YES;
				SWIFT_EMIT_LOC_STRINGS = NO;
				SWIFT_UPCOMING_FEATURE_MEMBER_IMPORT_VISIBILITY = YES;
				SWIFT_VERSION = 5.0;
				TARGETED_DEVICE_FAMILY = "1,2";
				TEST_HOST = "$(BUILT_PRODUCTS_DIR)/BibleAdventure.app/$(BUNDLE_EXECUTABLE_FOLDER_PATH)/BibleAdventure";
			};
			name = Debug;
		};
		A00885992FFB322000E29B20 /* Release */ = {
			isa = XCBuildConfiguration;
			buildSettings = {
				BUNDLE_LOADER = "$(TEST_HOST)";
				CODE_SIGN_STYLE = Automatic;
				CURRENT_PROJECT_VERSION = 1;
				DEVELOPMENT_TEAM = Y9T6QY86J5;
				GENERATE_INFOPLIST_FILE = YES;
				IPHONEOS_DEPLOYMENT_TARGET = 26.1;
				MARKETING_VERSION = 1.0;
				PRODUCT_BUNDLE_IDENTIFIER = com.yourname.BibleAdventures.BibleAdventureTests;
				PRODUCT_NAME = "$(TARGET_NAME)";
				STRING_CATALOG_GENERATE_SYMBOLS = NO;
				SWIFT_APPROACHABLE_CONCURRENCY = YES;
				SWIFT_EMIT_LOC_STRINGS = NO;
				SWIFT_UPCOMING_FEATURE_MEMBER_IMPORT_VISIBILITY = YES;
				SWIFT_VERSION = 5.0;
				TARGETED_DEVICE_FAMILY = "1,2";
				TEST_HOST = "$(BUILT_PRODUCTS_DIR)/BibleAdventure.app/$(BUNDLE_EXECUTABLE_FOLDER_PATH)/BibleAdventure";
			};
			name = Release;
		};
		A008859B2FFB322000E29B20 /* Debug */ = {
			isa = XCBuildConfiguration;
			buildSettings = {
				CODE_SIGN_STYLE = Automatic;
				CURRENT_PROJECT_VERSION = 1;
				DEVELOPMENT_TEAM = Y9T6QY86J5;
				GENERATE_INFOPLIST_FILE = YES;
				MARKETING_VERSION = 1.0;
				PRODUCT_BUNDLE_IDENTIFIER = com.yourname.BibleAdventures.BibleAdventureUITests;
				PRODUCT_NAME = "$(TARGET_NAME)";
				STRING_CATALOG_GENERATE_SYMBOLS = NO;
				SWIFT_APPROACHABLE_CONCURRENCY = YES;
				SWIFT_EMIT_LOC_STRINGS = NO;
				SWIFT_UPCOMING_FEATURE_MEMBER_IMPORT_VISIBILITY = YES;
				SWIFT_VERSION = 5.0;
				TARGETED_DEVICE_FAMILY = "1,2";
				TEST_TARGET_NAME = BibleAdventure;
			};
			name = Debug;
		};
		A008859C2FFB322000E29B20 /* Release */ = {
			isa = XCBuildConfiguration;
			buildSettings = {
				CODE_SIGN_STYLE = Automatic;
				CURRENT_PROJECT_VERSION = 1;
				DEVELOPMENT_TEAM = Y9T6QY86J5;
				GENERATE_INFOPLIST_FILE = YES;
				MARKETING_VERSION = 1.0;
				PRODUCT_BUNDLE_IDENTIFIER = com.yourname.BibleAdventures.BibleAdventureUITests;
				PRODUCT_NAME = "$(TARGET_NAME)";
				STRING_CATALOG_GENERATE_SYMBOLS = NO;
				SWIFT_APPROACHABLE_CONCURRENCY = YES;
				SWIFT_EMIT_LOC_STRINGS = NO;
				SWIFT_UPCOMING_FEATURE_MEMBER_IMPORT_VISIBILITY = YES;
				SWIFT_VERSION = 5.0;
				TARGETED_DEVICE_FAMILY = "1,2";
				TEST_TARGET_NAME = BibleAdventure;
			};
			name = Release;
		};
/* End XCBuildConfiguration section */

/* Begin XCConfigurationList section */
		A008856C2FFB321E00E29B20 /* Build configuration list for PBXProject "BibleAdventure" */ = {
			isa = XCConfigurationList;
			buildConfigurations = (
				A00885922FFB322000E29B20 /* Debug */,
				A00885932FFB322000E29B20 /* Release */,
			);
			defaultConfigurationIsVisible = 0;
			defaultConfigurationName = Release;
		};
		A00885942FFB322000E29B20 /* Build configuration list for PBXNativeTarget "BibleAdventure" */ = {
			isa = XCConfigurationList;
			buildConfigurations = (
				A00885952FFB322000E29B20 /* Debug */,
				A00885962FFB322000E29B20 /* Release */,
			);
			defaultConfigurationIsVisible = 0;
			defaultConfigurationName = Release;
		};
		A00885972FFB322000E29B20 /* Build configuration list for PBXNativeTarget "BibleAdventureTests" */ = {
			isa = XCConfigurationList;
			buildConfigurations = (
				A00885982FFB322000E29B20 /* Debug */,
				A00885992FFB322000E29B20 /* Release */,
			);
			defaultConfigurationIsVisible = 0;
			defaultConfigurationName = Release;
		};
		A008859A2FFB322000E29B20 /* Build configuration list for PBXNativeTarget "BibleAdventureUITests" */ = {
			isa = XCConfigurationList;
			buildConfigurations = (
				A008859B2FFB322000E29B20 /* Debug */,
				A008859C2FFB322000E29B20 /* Release */,
			);
			defaultConfigurationIsVisible = 0;
			defaultConfigurationName = Release;
		};
/* End XCConfigurationList section */
	};
	rootObject = A00885692FFB321E00E29B20 /* Project object */;
}
